// !$*UTF8*$!
{
	archiveVersion = 1;
	classes = {
	};
	objectVersion = 54;
	objects = {

/* Begin PBXBuildFile section */
		04052DE065F34336A0700BBF /* Lato-ThinItalic.ttf in Resources */ = {isa = PBXBuildFile; fileRef = 8B73EAE3E21845A9BF77EB98 /* Lato-ThinItalic.ttf */; };
		05AE4615FF158FED23CB177E /* PrivacyInfo.xcprivacy in Resources */ = {isa = PBXBuildFile; fileRef = 13B07FB81A68108700A75B9A /* PrivacyInfo.xcprivacy */; };
		08E9CDEBCE6E4747BA4202C5 /* Archivo-Thin.ttf in Resources */ = {isa = PBXBuildFile; fileRef = 8C2D03FA956347D48F28C548 /* Archivo-Thin.ttf */; };
		13B07FBF1A68108700A75B9A /* Images.xcassets in Resources */ = {isa = PBXBuildFile; fileRef = 13B07FB51A68108700A75B9A /* Images.xcassets */; };
		17BDC1A540B1448584CC8B38 /* Archivo-Italic.ttf in Resources */ = {isa = PBXBuildFile; fileRef = 811146C71BBF4D449ECF7854 /* Archivo-Italic.ttf */; };
		1D905F7BF4C8464CB36C831A /* Archivo-SemiBoldItalic.ttf in Resources */ = {isa = PBXBuildFile; fileRef = D06A927437D0459E82FB5F84 /* Archivo-SemiBoldItalic.ttf */; };
		25D6D0366E7F4783B055B119 /* Lato-Light.ttf in Resources */ = {isa = PBXBuildFile; fileRef = 7EB71F95A1D942BE8228B451 /* Lato-Light.ttf */; };
		33C370399AE141378D636C9E /* Archivo-LightItalic.ttf in Resources */ = {isa = PBXBuildFile; fileRef = BDC6D6C16B30435287E77E34 /* Archivo-LightItalic.ttf */; };
		38B1C8302B28439391D92C3C /* Archivo-ExtraBold.ttf in Resources */ = {isa = PBXBuildFile; fileRef = 6A7429A0D4F448F08685CA36 /* Archivo-ExtraBold.ttf */; };
		430C75B3AD5C47BA804F32AF /* Archivo-ExtraBoldItalic.ttf in Resources */ = {isa = PBXBuildFile; fileRef = 27AC0C0DBEE74F46ADA574D3 /* Archivo-ExtraBoldItalic.ttf */; };
		4EB822B8D45E4BF09C0C1B97 /* Lato-Black.ttf in Resources */ = {isa = PBXBuildFile; fileRef = F7B1C30842A144D482F5D710 /* Lato-Black.ttf */; };
		669ACED0E50F4C0BA7E13DAF /* Archivo-Regular.ttf in Resources */ = {isa = PBXBuildFile; fileRef = F55B766E0A884F3D843FB994 /* Archivo-Regular.ttf */; };
		694A479731A747E7B1216711 /* Archivo-Light.ttf in Resources */ = {isa = PBXBuildFile; fileRef = 745BA06CE57541B399A9FD7C /* Archivo-Light.ttf */; };
		6FFAA8F83461D93A9C51ED04 /* Pods_CoachiatryApp.framework in Frameworks */ = {isa = PBXBuildFile; fileRef = 5CE02E98A4B239836C61D22E /* Pods_CoachiatryApp.framework */; };
		761780ED2CA45674006654EE /* AppDelegate.swift in Sources */ = {isa = PBXBuildFile; fileRef = 761780EC2CA45674006654EE /* AppDelegate.swift */; };
		81AB9BB82411601600AC10FF /* LaunchScreen.storyboard in Resources */ = {isa = PBXBuildFile; fileRef = 81AB9BB72411601600AC10FF /* LaunchScreen.storyboard */; };
		8D12F9E901114040804A5146 /* Lato-Italic.ttf in Resources */ = {isa = PBXBuildFile; fileRef = 8B1DEF4D0A744BE89855CFEB /* Lato-Italic.ttf */; };
		8E9990A416AF4DE9841C4617 /* Archivo-BoldItalic.ttf in Resources */ = {isa = PBXBuildFile; fileRef = FA1EE23256CD4836B66D90B3 /* Archivo-BoldItalic.ttf */; };
		96C4D58F17604ABB9B58F11D /* Archivo-ExtraLight.ttf in Resources */ = {isa = PBXBuildFile; fileRef = F5FBDE9B347249B69BD5DA1E /* Archivo-ExtraLight.ttf */; };
		9ECE67A20BC94BC4A622ED1C /* Archivo-Medium.ttf in Resources */ = {isa = PBXBuildFile; fileRef = 18C8947C118A4B728980D89D /* Archivo-Medium.ttf */; };
		A9F3FE37D6A649E6B1D7F86D /* Lato-LightItalic.ttf in Resources */ = {isa = PBXBuildFile; fileRef = 144D661A332B4A3781B28248 /* Lato-LightItalic.ttf */; };
		AFB21097E296478FA0E178A6 /* Lato-BlackItalic.ttf in Resources */ = {isa = PBXBuildFile; fileRef = E4E16989989C4484AD842780 /* Lato-BlackItalic.ttf */; };
		B82C58FE58BD45D4B8D2A3FF /* Lato-Thin.ttf in Resources */ = {isa = PBXBuildFile; fileRef = 93D97D9E3066432FB2B34099 /* Lato-Thin.ttf */; };
		C0E55DAB6CAA43D980525C55 /* Archivo-MediumItalic.ttf in Resources */ = {isa = PBXBuildFile; fileRef = 56EA912A7FBD46FD8DAADD12 /* Archivo-MediumItalic.ttf */; };
		C506F98C9DB34A3F897FC2AB /* Archivo-ExtraLightItalic.ttf in Resources */ = {isa = PBXBuildFile; fileRef = 2781C28DA0BA44A5A694BA10 /* Archivo-ExtraLightItalic.ttf */; };
		CBFAB1501AEE48A38D0E3E73 /* Archivo-BlackItalic.ttf in Resources */ = {isa = PBXBuildFile; fileRef = 584C443EE65E4AC7B2ECC1CB /* Archivo-BlackItalic.ttf */; };
		D52965A8DF4D47B2BBE7F043 /* Archivo-ThinItalic.ttf in Resources */ = {isa = PBXBuildFile; fileRef = 015F7D6209F74B2D90FF9841 /* Archivo-ThinItalic.ttf */; };
		E1FE83255BFA4878BB40CC2F /* Lato-Regular.ttf in Resources */ = {isa = PBXBuildFile; fileRef = 932F0658CED84105BB64D666 /* Lato-Regular.ttf */; };
		ED556CB673B0450EB505B905 /* Lato-Bold.ttf in Resources */ = {isa = PBXBuildFile; fileRef = 4A859D70E6A14B7F9AB30732 /* Lato-Bold.ttf */; };
		EE626916B6FB4D3EAB390DE6 /* Lato-BoldItalic.ttf in Resources */ = {isa = PBXBuildFile; fileRef = 300153397BCF48AC929E7C53 /* Lato-BoldItalic.ttf */; };
		F021898A542D4D1C825E0E83 /* Archivo-Black.ttf in Resources */ = {isa = PBXBuildFile; fileRef = C4F398873074443884322D62 /* Archivo-Black.ttf */; };
		F1832A0D6FB842BC8180093A /* Archivo-SemiBold.ttf in Resources */ = {isa = PBXBuildFile; fileRef = A6E1E3BB7E2B44B8B2574EE1 /* Archivo-SemiBold.ttf */; };
		FA9EB6D3F640404B8AE160E9 /* Archivo-Bold.ttf in Resources */ = {isa = PBXBuildFile; fileRef = 482D100551C4482DBB807934 /* Archivo-Bold.ttf */; };
/* End PBXBuildFile section */

/* Begin PBXFileReference section */
		002E6D5A8CB8870E8D76E9A2 /* Pods-CoachiatryApp.release.xcconfig */ = {isa = PBXFileReference; includeInIndex = 1; lastKnownFileType = text.xcconfig; name = "Pods-CoachiatryApp.release.xcconfig"; path = "Target Support Files/Pods-CoachiatryApp/Pods-CoachiatryApp.release.xcconfig"; sourceTree = "<group>"; };
		015F7D6209F74B2D90FF9841 /* Archivo-ThinItalic.ttf */ = {isa = PBXFileReference; explicitFileType = undefined; fileEncoding = 9; includeInIndex = 0; lastKnownFileType = unknown; name = "Archivo-ThinItalic.ttf"; path = "../src/assets/fonts/Archivo/Archivo-ThinItalic.ttf"; sourceTree = "<group>"; };
		13B07F961A680F5B00A75B9A /* CoachiatryApp.app */ = {isa = PBXFileReference; explicitFileType = wrapper.application; includeInIndex = 0; path = CoachiatryApp.app; sourceTree = BUILT_PRODUCTS_DIR; };
		13B07FB51A68108700A75B9A /* Images.xcassets */ = {isa = PBXFileReference; lastKnownFileType = folder.assetcatalog; name = Images.xcassets; path = CoachiatryApp/Images.xcassets; sourceTree = "<group>"; };
		13B07FB61A68108700A75B9A /* Info.plist */ = {isa = PBXFileReference; fileEncoding = 4; lastKnownFileType = text.plist.xml; name = Info.plist; path = CoachiatryApp/Info.plist; sourceTree = "<group>"; };
		13B07FB81A68108700A75B9A /* PrivacyInfo.xcprivacy */ = {isa = PBXFileReference; fileEncoding = 4; lastKnownFileType = text.plist.xml; name = PrivacyInfo.xcprivacy; path = CoachiatryApp/PrivacyInfo.xcprivacy; sourceTree = "<group>"; };
		144D661A332B4A3781B28248 /* Lato-LightItalic.ttf */ = {isa = PBXFileReference; explicitFileType = undefined; fileEncoding = 9; includeInIndex = 0; lastKnownFileType = unknown; name = "Lato-LightItalic.ttf"; path = "../src/assets/fonts/Lato/Lato-LightItalic.ttf"; sourceTree = "<group>"; };
		18C8947C118A4B728980D89D /* Archivo-Medium.ttf */ = {isa = PBXFileReference; explicitFileType = undefined; fileEncoding = 9; includeInIndex = 0; lastKnownFileType = unknown; name = "Archivo-Medium.ttf"; path = "../src/assets/fonts/Archivo/Archivo-Medium.ttf"; sourceTree = "<group>"; };
		2781C28DA0BA44A5A694BA10 /* Archivo-ExtraLightItalic.ttf */ = {isa = PBXFileReference; explicitFileType = undefined; fileEncoding = 9; includeInIndex = 0; lastKnownFileType = unknown; name = "Archivo-ExtraLightItalic.ttf"; path = "../src/assets/fonts/Archivo/Archivo-ExtraLightItalic.ttf"; sourceTree = "<group>"; };
		27AC0C0DBEE74F46ADA574D3 /* Archivo-ExtraBoldItalic.ttf */ = {isa = PBXFileReference; explicitFileType = undefined; fileEncoding = 9; includeInIndex = 0; lastKnownFileType = unknown; name = "Archivo-ExtraBoldItalic.ttf"; path = "../src/assets/fonts/Archivo/Archivo-ExtraBoldItalic.ttf"; sourceTree = "<group>"; };
		300153397BCF48AC929E7C53 /* Lato-BoldItalic.ttf */ = {isa = PBXFileReference; explicitFileType = undefined; fileEncoding = 9; includeInIndex = 0; lastKnownFileType = unknown; name = "Lato-BoldItalic.ttf"; path = "../src/assets/fonts/Lato/Lato-BoldItalic.ttf"; sourceTree = "<group>"; };
		482D100551C4482DBB807934 /* Archivo-Bold.ttf */ = {isa = PBXFileReference; explicitFileType = undefined; fileEncoding = 9; includeInIndex = 0; lastKnownFileType = unknown; name = "Archivo-Bold.ttf"; path = "../src/assets/fonts/Archivo/Archivo-Bold.ttf"; sourceTree = "<group>"; };
		4A859D70E6A14B7F9AB30732 /* Lato-Bold.ttf */ = {isa = PBXFileReference; explicitFileType = undefined; fileEncoding = 9; includeInIndex = 0; lastKnownFileType = unknown; name = "Lato-Bold.ttf"; path = "../src/assets/fonts/Lato/Lato-Bold.ttf"; sourceTree = "<group>"; };
		56EA912A7FBD46FD8DAADD12 /* Archivo-MediumItalic.ttf */ = {isa = PBXFileReference; explicitFileType = undefined; fileEncoding = 9; includeInIndex = 0; lastKnownFileType = unknown; name = "Archivo-MediumItalic.ttf"; path = "../src/assets/fonts/Archivo/Archivo-MediumItalic.ttf"; sourceTree = "<group>"; };
		584C443EE65E4AC7B2ECC1CB /* Archivo-BlackItalic.ttf */ = {isa = PBXFileReference; explicitFileType = undefined; fileEncoding = 9; includeInIndex = 0; lastKnownFileType = unknown; name = "Archivo-BlackItalic.ttf"; path = "../src/assets/fonts/Archivo/Archivo-BlackItalic.ttf"; sourceTree = "<group>"; };
		5CE02E98A4B239836C61D22E /* Pods_CoachiatryApp.framework */ = {isa = PBXFileReference; explicitFileType = wrapper.framework; includeInIndex = 0; path = Pods_CoachiatryApp.framework; sourceTree = BUILT_PRODUCTS_DIR; };
		6A7429A0D4F448F08685CA36 /* Archivo-ExtraBold.ttf */ = {isa = PBXFileReference; explicitFileType = undefined; fileEncoding = 9; includeInIndex = 0; lastKnownFileType = unknown; name = "Archivo-ExtraBold.ttf"; path = "../src/assets/fonts/Archivo/Archivo-ExtraBold.ttf"; sourceTree = "<group>"; };
		745BA06CE57541B399A9FD7C /* Archivo-Light.ttf */ = {isa = PBXFileReference; explicitFileType = undefined; fileEncoding = 9; includeInIndex = 0; lastKnownFileType = unknown; name = "Archivo-Light.ttf"; path = "../src/assets/fonts/Archivo/Archivo-Light.ttf"; sourceTree = "<group>"; };
		761780EC2CA45674006654EE /* AppDelegate.swift */ = {isa = PBXFileReference; lastKnownFileType = sourcecode.swift; name = AppDelegate.swift; path = CoachiatryApp/AppDelegate.swift; sourceTree = "<group>"; };
		7EB71F95A1D942BE8228B451 /* Lato-Light.ttf */ = {isa = PBXFileReference; explicitFileType = undefined; fileEncoding = 9; includeInIndex = 0; lastKnownFileType = unknown; name = "Lato-Light.ttf"; path = "../src/assets/fonts/Lato/Lato-Light.ttf"; sourceTree = "<group>"; };
		811146C71BBF4D449ECF7854 /* Archivo-Italic.ttf */ = {isa = PBXFileReference; explicitFileType = undefined; fileEncoding = 9; includeInIndex = 0; lastKnownFileType = unknown; name = "Archivo-Italic.ttf"; path = "../src/assets/fonts/Archivo/Archivo-Italic.ttf"; sourceTree = "<group>"; };
		81AB9BB72411601600AC10FF /* LaunchScreen.storyboard */ = {isa = PBXFileReference; fileEncoding = 4; lastKnownFileType = file.storyboard; name = LaunchScreen.storyboard; path = CoachiatryApp/LaunchScreen.storyboard; sourceTree = "<group>"; };
		8B1DEF4D0A744BE89855CFEB /* Lato-Italic.ttf */ = {isa = PBXFileReference; explicitFileType = undefined; fileEncoding = 9; includeInIndex = 0; lastKnownFileType = unknown; name = "Lato-Italic.ttf"; path = "../src/assets/fonts/Lato/Lato-Italic.ttf"; sourceTree = "<group>"; };
		8B73EAE3E21845A9BF77EB98 /* Lato-ThinItalic.ttf */ = {isa = PBXFileReference; explicitFileType = undefined; fileEncoding = 9; includeInIndex = 0; lastKnownFileType = unknown; name = "Lato-ThinItalic.ttf"; path = "../src/assets/fonts/Lato/Lato-ThinItalic.ttf"; sourceTree = "<group>"; };
		8C2D03FA956347D48F28C548 /* Archivo-Thin.ttf */ = {isa = PBXFileReference; explicitFileType = undefined; fileEncoding = 9; includeInIndex = 0; lastKnownFileType = unknown; name = "Archivo-Thin.ttf"; path = "../src/assets/fonts/Archivo/Archivo-Thin.ttf"; sourceTree = "<group>"; };
		8C902D18DCF7CE6B51413353 /* Pods-CoachiatryApp.debug.xcconfig */ = {isa = PBXFileReference; includeInIndex = 1; lastKnownFileType = text.xcconfig; name = "Pods-CoachiatryApp.debug.xcconfig"; path = "Target Support Files/Pods-CoachiatryApp/Pods-CoachiatryApp.debug.xcconfig"; sourceTree = "<group>"; };
		932F0658CED84105BB64D666 /* Lato-Regular.ttf */ = {isa = PBXFileReference; explicitFileType = undefined; fileEncoding = 9; includeInIndex = 0; lastKnownFileType = unknown; name = "Lato-Regular.ttf"; path = "../src/assets/fonts/Lato/Lato-Regular.ttf"; sourceTree = "<group>"; };
		93D97D9E3066432FB2B34099 /* Lato-Thin.ttf */ = {isa = PBXFileReference; explicitFileType = undefined; fileEncoding = 9; includeInIndex = 0; lastKnownFileType = unknown; name = "Lato-Thin.ttf"; path = "../src/assets/fonts/Lato/Lato-Thin.ttf"; sourceTree = "<group>"; };
		A6E1E3BB7E2B44B8B2574EE1 /* Archivo-SemiBold.ttf */ = {isa = PBXFileReference; explicitFileType = undefined; fileEncoding = 9; includeInIndex = 0; lastKnownFileType = unknown; name = "Archivo-SemiBold.ttf"; path = "../src/assets/fonts/Archivo/Archivo-SemiBold.ttf"; sourceTree = "<group>"; };
		BDC6D6C16B30435287E77E34 /* Archivo-LightItalic.ttf */ = {isa = PBXFileReference; explicitFileType = undefined; fileEncoding = 9; includeInIndex = 0; lastKnownFileType = unknown; name = "Archivo-LightItalic.ttf"; path = "../src/assets/fonts/Archivo/Archivo-LightItalic.ttf"; sourceTree = "<group>"; };
		C4F398873074443884322D62 /* Archivo-Black.ttf */ = {isa = PBXFileReference; explicitFileType = undefined; fileEncoding = 9; includeInIndex = 0; lastKnownFileType = unknown; name = "Archivo-Black.ttf"; path = "../src/assets/fonts/Archivo/Archivo-Black.ttf"; sourceTree = "<group>"; };
		D06A927437D0459E82FB5F84 /* Archivo-SemiBoldItalic.ttf */ = {isa = PBXFileReference; explicitFileType = undefined; fileEncoding = 9; includeInIndex = 0; lastKnownFileType = unknown; name = "Archivo-SemiBoldItalic.ttf"; path = "../src/assets/fonts/Archivo/Archivo-SemiBoldItalic.ttf"; sourceTree = "<group>"; };
		E4E16989989C4484AD842780 /* Lato-BlackItalic.ttf */ = {isa = PBXFileReference; explicitFileType = undefined; fileEncoding = 9; includeInIndex = 0; lastKnownFileType = unknown; name = "Lato-BlackItalic.ttf"; path = "../src/assets/fonts/Lato/Lato-BlackItalic.ttf"; sourceTree = "<group>"; };
		ED297162215061F000B7C4FE /* JavaScriptCore.framework */ = {isa = PBXFileReference; lastKnownFileType = wrapper.framework; name = JavaScriptCore.framework; path = System/Library/Frameworks/JavaScriptCore.framework; sourceTree = SDKROOT; };
		F55B766E0A884F3D843FB994 /* Archivo-Regular.ttf */ = {isa = PBXFileReference; explicitFileType = undefined; fileEncoding = 9; includeInIndex = 0; lastKnownFileType = unknown; name = "Archivo-Regular.ttf"; path = "../src/assets/fonts/Archivo/Archivo-Regular.ttf"; sourceTree = "<group>"; };
		F5FBDE9B347249B69BD5DA1E /* Archivo-ExtraLight.ttf */ = {isa = PBXFileReference; explicitFileType = undefined; fileEncoding = 9; includeInIndex = 0; lastKnownFileType = unknown; name = "Archivo-ExtraLight.ttf"; path = "../src/assets/fonts/Archivo/Archivo-ExtraLight.ttf"; sourceTree = "<group>"; };
		F7B1C30842A144D482F5D710 /* Lato-Black.ttf */ = {isa = PBXFileReference; explicitFileType = undefined; fileEncoding = 9; includeInIndex = 0; lastKnownFileType = unknown; name = "Lato-Black.ttf"; path = "../src/assets/fonts/Lato/Lato-Black.ttf"; sourceTree = "<group>"; };
		FA1EE23256CD4836B66D90B3 /* Archivo-BoldItalic.ttf */ = {isa = PBXFileReference; explicitFileType = undefined; fileEncoding = 9; includeInIndex = 0; lastKnownFileType = unknown; name = "Archivo-BoldItalic.ttf"; path = "../src/assets/fonts/Archivo/Archivo-BoldItalic.ttf"; sourceTree = "<group>"; };
/* End PBXFileReference section */

/* Begin PBXFrameworksBuildPhase section */
		13B07F8C1A680F5B00A75B9A /* Frameworks */ = {
			isa = PBXFrameworksBuildPhase;
			buildActionMask = 2147483647;
			files = (
				6FFAA8F83461D93A9C51ED04 /* Pods_CoachiatryApp.framework in Frameworks */,
			);
			runOnlyForDeploymentPostprocessing = 0;
		};
/* End PBXFrameworksBuildPhase section */

/* Begin PBXGroup section */
		13B07FAE1A68108700A75B9A /* CoachiatryApp */ = {
			isa = PBXGroup;
			children = (
				13B07FB51A68108700A75B9A /* Images.xcassets */,
				761780EC2CA45674006654EE /* AppDelegate.swift */,
				13B07FB61A68108700A75B9A /* Info.plist */,
				81AB9BB72411601600AC10FF /* LaunchScreen.storyboard */,
				13B07FB81A68108700A75B9A /* PrivacyInfo.xcprivacy */,
			);
			name = CoachiatryApp;
			sourceTree = "<group>";
		};
		2D16E6871FA4F8E400B85C8A /* Frameworks */ = {
			isa = PBXGroup;
			children = (
				ED297162215061F000B7C4FE /* JavaScriptCore.framework */,
				5CE02E98A4B239836C61D22E /* Pods_CoachiatryApp.framework */,
			);
			name = Frameworks;
			sourceTree = "<group>";
		};
		832341AE1AAA6A7D00B99B32 /* Libraries */ = {
			isa = PBXGroup;
			children = (
			);
			name = Libraries;
			sourceTree = "<group>";
		};
		83CBB9F61A601CBA00E9B192 = {
			isa = PBXGroup;
			children = (
				13B07FAE1A68108700A75B9A /* CoachiatryApp */,
				832341AE1AAA6A7D00B99B32 /* Libraries */,
				83CBBA001A601CBA00E9B192 /* Products */,
				2D16E6871FA4F8E400B85C8A /* Frameworks */,
				BBD78D7AC51CEA395F1C20DB /* Pods */,
				BD73CA5735C14CFEB28451F3 /* Resources */,
			);
			indentWidth = 2;
			sourceTree = "<group>";
			tabWidth = 2;
			usesTabs = 0;
		};
		83CBBA001A601CBA00E9B192 /* Products */ = {
			isa = PBXGroup;
			children = (
				13B07F961A680F5B00A75B9A /* CoachiatryApp.app */,
			);
			name = Products;
			sourceTree = "<group>";
		};
		BBD78D7AC51CEA395F1C20DB /* Pods */ = {
			isa = PBXGroup;
			children = (
				8C902D18DCF7CE6B51413353 /* Pods-CoachiatryApp.debug.xcconfig */,
				002E6D5A8CB8870E8D76E9A2 /* Pods-CoachiatryApp.release.xcconfig */,
			);
			path = Pods;
			sourceTree = "<group>";
		};
		BD73CA5735C14CFEB28451F3 /* Resources */ = {
			isa = PBXGroup;
			children = (
				C4F398873074443884322D62 /* Archivo-Black.ttf */,
				584C443EE65E4AC7B2ECC1CB /* Archivo-BlackItalic.ttf */,
				482D100551C4482DBB807934 /* Archivo-Bold.ttf */,
				FA1EE23256CD4836B66D90B3 /* Archivo-BoldItalic.ttf */,
				6A7429A0D4F448F08685CA36 /* Archivo-ExtraBold.ttf */,
				27AC0C0DBEE74F46ADA574D3 /* Archivo-ExtraBoldItalic.ttf */,
				F5FBDE9B347249B69BD5DA1E /* Archivo-ExtraLight.ttf */,
				2781C28DA0BA44A5A694BA10 /* Archivo-ExtraLightItalic.ttf */,
				811146C71BBF4D449ECF7854 /* Archivo-Italic.ttf */,
				745BA06CE57541B399A9FD7C /* Archivo-Light.ttf */,
				BDC6D6C16B30435287E77E34 /* Archivo-LightItalic.ttf */,
				18C8947C118A4B728980D89D /* Archivo-Medium.ttf */,
				56EA912A7FBD46FD8DAADD12 /* Archivo-MediumItalic.ttf */,
				F55B766E0A884F3D843FB994 /* Archivo-Regular.ttf */,
				A6E1E3BB7E2B44B8B2574EE1 /* Archivo-SemiBold.ttf */,
				D06A927437D0459E82FB5F84 /* Archivo-SemiBoldItalic.ttf */,
				8C2D03FA956347D48F28C548 /* Archivo-Thin.ttf */,
				015F7D6209F74B2D90FF9841 /* Archivo-ThinItalic.ttf */,
				F7B1C30842A144D482F5D710 /* Lato-Black.ttf */,
				E4E16989989C4484AD842780 /* Lato-BlackItalic.ttf */,
				4A859D70E6A14B7F9AB30732 /* Lato-Bold.ttf */,
				300153397BCF48AC929E7C53 /* Lato-BoldItalic.ttf */,
				8B1DEF4D0A744BE89855CFEB /* Lato-Italic.ttf */,
				7EB71F95A1D942BE8228B451 /* Lato-Light.ttf */,
				144D661A332B4A3781B28248 /* Lato-LightItalic.ttf */,
				932F0658CED84105BB64D666 /* Lato-Regular.ttf */,
				93D97D9E3066432FB2B34099 /* Lato-Thin.ttf */,
				8B73EAE3E21845A9BF77EB98 /* Lato-ThinItalic.ttf */,
			);
			name = Resources;
			sourceTree = "<group>";
		};
/* End PBXGroup section */

/* Begin PBXNativeTarget section */
		13B07F861A680F5B00A75B9A /* CoachiatryApp */ = {
			isa = PBXNativeTarget;
			buildConfigurationList = 13B07F931A680F5B00A75B9A /* Build configuration list for PBXNativeTarget "CoachiatryApp" */;
			buildPhases = (
				137F87E0E9993CE7E9D6E390 /* [CP] Check Pods Manifest.lock */,
				13B07F871A680F5B00A75B9A /* Sources */,
				13B07F8C1A680F5B00A75B9A /* Frameworks */,
				13B07F8E1A680F5B00A75B9A /* Resources */,
				00DD1BFF1BD5951E006B06BC /* Bundle React Native code and images */,
				340FFB9C71D6C2F6057893C1 /* [CP] Embed Pods Frameworks */,
				411BD8B4816C407AA5A619DD /* [CP] Copy Pods Resources */,
			);
			buildRules = (
			);
			dependencies = (
			);
			name = CoachiatryApp;
			productName = CoachiatryApp;
			productReference = 13B07F961A680F5B00A75B9A /* CoachiatryApp.app */;
			productType = "com.apple.product-type.application";
		};
/* End PBXNativeTarget section */

/* Begin PBXProject section */
		83CBB9F71A601CBA00E9B192 /* Project object */ = {
			isa = PBXProject;
			attributes = {
				LastUpgradeCheck = 1210;
				TargetAttributes = {
					13B07F861A680F5B00A75B9A = {
						LastSwiftMigration = 1120;
					};
				};
			};
			buildConfigurationList = 83CBB9FA1A601CBA00E9B192 /* Build configuration list for PBXProject "CoachiatryApp" */;
			compatibilityVersion = "Xcode 12.0";
			developmentRegion = en;
			hasScannedForEncodings = 0;
			knownRegions = (
				en,
				Base,
			);
			mainGroup = 83CBB9F61A601CBA00E9B192;
			productRefGroup = 83CBBA001A601CBA00E9B192 /* Products */;
			projectDirPath = "";
			projectRoot = "";
			targets = (
				13B07F861A680F5B00A75B9A /* CoachiatryApp */,
			);
		};
/* End PBXProject section */

/* Begin PBXResourcesBuildPhase section */
		13B07F8E1A680F5B00A75B9A /* Resources */ = {
			isa = PBXResourcesBuildPhase;
			buildActionMask = 2147483647;
			files = (
				81AB9BB82411601600AC10FF /* LaunchScreen.storyboard in Resources */,
				13B07FBF1A68108700A75B9A /* Images.xcassets in Resources */,
				05AE4615FF158FED23CB177E /* PrivacyInfo.xcprivacy in Resources */,
				F021898A542D4D1C825E0E83 /* Archivo-Black.ttf in Resources */,
				CBFAB1501AEE48A38D0E3E73 /* Archivo-BlackItalic.ttf in Resources */,
				FA9EB6D3F640404B8AE160E9 /* Archivo-Bold.ttf in Resources */,
				8E9990A416AF4DE9841C4617 /* Archivo-BoldItalic.ttf in Resources */,
				38B1C8302B28439391D92C3C /* Archivo-ExtraBold.ttf in Resources */,
				430C75B3AD5C47BA804F32AF /* Archivo-ExtraBoldItalic.ttf in Resources */,
				96C4D58F17604ABB9B58F11D /* Archivo-ExtraLight.ttf in Resources */,
				C506F98C9DB34A3F897FC2AB /* Archivo-ExtraLightItalic.ttf in Resources */,
				17BDC1A540B1448584CC8B38 /* Archivo-Italic.ttf in Resources */,
				694A479731A747E7B1216711 /* Archivo-Light.ttf in Resources */,
				33C370399AE141378D636C9E /* Archivo-LightItalic.ttf in Resources */,
				9ECE67A20BC94BC4A622ED1C /* Archivo-Medium.ttf in Resources */,
				C0E55DAB6CAA43D980525C55 /* Archivo-MediumItalic.ttf in Resources */,
				669ACED0E50F4C0BA7E13DAF /* Archivo-Regular.ttf in Resources */,
				F1832A0D6FB842BC8180093A /* Archivo-SemiBold.ttf in Resources */,
				1D905F7BF4C8464CB36C831A /* Archivo-SemiBoldItalic.ttf in Resources */,
				08E9CDEBCE6E4747BA4202C5 /* Archivo-Thin.ttf in Resources */,
				D52965A8DF4D47B2BBE7F043 /* Archivo-ThinItalic.ttf in Resources */,
				4EB822B8D45E4BF09C0C1B97 /* Lato-Black.ttf in Resources */,
				AFB21097E296478FA0E178A6 /* Lato-BlackItalic.ttf in Resources */,
				ED556CB673B0450EB505B905 /* Lato-Bold.ttf in Resources */,
				EE626916B6FB4D3EAB390DE6 /* Lato-BoldItalic.ttf in Resources */,
				8D12F9E901114040804A5146 /* Lato-Italic.ttf in Resources */,
				25D6D0366E7F4783B055B119 /* Lato-Light.ttf in Resources */,
				A9F3FE37D6A649E6B1D7F86D /* Lato-LightItalic.ttf in Resources */,
				E1FE83255BFA4878BB40CC2F /* Lato-Regular.ttf in Resources */,
				B82C58FE58BD45D4B8D2A3FF /* Lato-Thin.ttf in Resources */,
				04052DE065F34336A0700BBF /* Lato-ThinItalic.ttf in Resources */,
			);
			runOnlyForDeploymentPostprocessing = 0;
		};
/* End PBXResourcesBuildPhase section */

/* Begin PBXShellScriptBuildPhase section */
		00DD1BFF1BD5951E006B06BC /* Bundle React Native code and images */ = {
			isa = PBXShellScriptBuildPhase;
			buildActionMask = 2147483647;
			files = (
			);
			inputPaths = (
				"$(SRCROOT)/.xcode.env.local",
				"$(SRCROOT)/.xcode.env",
			);
			name = "Bundle React Native code and images";
			outputPaths = (
			);
			runOnlyForDeploymentPostprocessing = 0;
			shellPath = /bin/sh;
			shellScript = "set -e\n\nWITH_ENVIRONMENT=\"$REACT_NATIVE_PATH/scripts/xcode/with-environment.sh\"\nREACT_NATIVE_XCODE=\"$REACT_NATIVE_PATH/scripts/react-native-xcode.sh\"\n\n/bin/sh -c \"$WITH_ENVIRONMENT $REACT_NATIVE_XCODE\"\n";
		};
		137F87E0E9993CE7E9D6E390 /* [CP] Check Pods Manifest.lock */ = {
			isa = PBXShellScriptBuildPhase;
			buildActionMask = 2147483647;
			files = (
			);
			inputFileListPaths = (
			);
			inputPaths = (
				"${PODS_PODFILE_DIR_PATH}/Podfile.lock",
				"${PODS_ROOT}/Manifest.lock",
			);
			name = "[CP] Check Pods Manifest.lock";
			outputFileListPaths = (
			);
			outputPaths = (
				"$(DERIVED_FILE_DIR)/Pods-CoachiatryApp-checkManifestLockResult.txt",
			);
			runOnlyForDeploymentPostprocessing = 0;
			shellPath = /bin/sh;
			shellScript = "diff \"${PODS_PODFILE_DIR_PATH}/Podfile.lock\" \"${PODS_ROOT}/Manifest.lock\" > /dev/null\nif [ $? != 0 ] ; then\n    # print error to STDERR\n    echo \"error: The sandbox is not in sync with the Podfile.lock. Run 'pod install' or update your CocoaPods installation.\" >&2\n    exit 1\nfi\n# This output is used by Xcode 'outputs' to avoid re-running this script phase.\necho \"SUCCESS\" > \"${SCRIPT_OUTPUT_FILE_0}\"\n";
			showEnvVarsInLog = 0;
		};
		340FFB9C71D6C2F6057893C1 /* [CP] Embed Pods Frameworks */ = {
			isa = PBXShellScriptBuildPhase;
			buildActionMask = 2147483647;
			files = (
			);
			inputFileListPaths = (
				"${PODS_ROOT}/Target Support Files/Pods-CoachiatryApp/Pods-CoachiatryApp-frameworks-${CONFIGURATION}-input-files.xcfilelist",
			);
			name = "[CP] Embed Pods Frameworks";
			outputFileListPaths = (
				"${PODS_ROOT}/Target Support Files/Pods-CoachiatryApp/Pods-CoachiatryApp-frameworks-${CONFIGURATION}-output-files.xcfilelist",
			);
			runOnlyForDeploymentPostprocessing = 0;
			shellPath = /bin/sh;
			shellScript = "\"${PODS_ROOT}/Target Support Files/Pods-CoachiatryApp/Pods-CoachiatryApp-frameworks.sh\"\n";
			showEnvVarsInLog = 0;
		};
		411BD8B4816C407AA5A619DD /* [CP] Copy Pods Resources */ = {
			isa = PBXShellScriptBuildPhase;
			buildActionMask = 2147483647;
			files = (
			);
			inputFileListPaths = (
				"${PODS_ROOT}/Target Support Files/Pods-CoachiatryApp/Pods-CoachiatryApp-resources-${CONFIGURATION}-input-files.xcfilelist",
			);
			name = "[CP] Copy Pods Resources";
			outputFileListPaths = (
				"${PODS_ROOT}/Target Support Files/Pods-CoachiatryApp/Pods-CoachiatryApp-resources-${CONFIGURATION}-output-files.xcfilelist",
			);
			runOnlyForDeploymentPostprocessing = 0;
			shellPath = /bin/sh;
			shellScript = "\"${PODS_ROOT}/Target Support Files/Pods-CoachiatryApp/Pods-CoachiatryApp-resources.sh\"\n";
			showEnvVarsInLog = 0;
		};
/* End PBXShellScriptBuildPhase section */

/* Begin PBXSourcesBuildPhase section */
		13B07F871A680F5B00A75B9A /* Sources */ = {
			isa = PBXSourcesBuildPhase;
			buildActionMask = 2147483647;
			files = (
				761780ED2CA45674006654EE /* AppDelegate.swift in Sources */,
			);
			runOnlyForDeploymentPostprocessing = 0;
		};
/* End PBXSourcesBuildPhase section */

/* Begin XCBuildConfiguration section */
		13B07F941A680F5B00A75B9A /* Debug */ = {
			isa = XCBuildConfiguration;
			baseConfigurationReference = 8C902D18DCF7CE6B51413353 /* Pods-CoachiatryApp.debug.xcconfig */;
			buildSettings = {
				ASSETCATALOG_COMPILER_APPICON_NAME = AppIcon;
				CLANG_ENABLE_MODULES = YES;
				CODE_SIGN_IDENTITY = "Apple Development";
				CODE_SIGN_STYLE = Automatic;
				CURRENT_PROJECT_VERSION = 1;
				DEVELOPMENT_TEAM = 36UZNG64M5;
				ENABLE_BITCODE = NO;
				INFOPLIST_FILE = CoachiatryApp/Info.plist;
				IPHONEOS_DEPLOYMENT_TARGET = 15.1;
				LD_RUNPATH_SEARCH_PATHS = (
					"$(inherited)",
					"@executable_path/Frameworks",
				);
				MARKETING_VERSION = 1.0;
				OTHER_LDFLAGS = (
					"$(inherited)",
					"-ObjC",
					"-lc++",
				);
				PRODUCT_BUNDLE_IDENTIFIER = org.CoachiatryApp;
				PRODUCT_NAME = CoachiatryApp;
				PROVISIONING_PROFILE_SPECIFIER = "";
				SWIFT_OPTIMIZATION_LEVEL = "-Onone";
				SWIFT_VERSION = 5.0;
				VERSIONING_SYSTEM = "apple-generic";
			};
			name = Debug;
		};
		13B07F951A680F5B00A75B9A /* Release */ = {
			isa = XCBuildConfiguration;
			baseConfigurationReference = 002E6D5A8CB8870E8D76E9A2 /* Pods-CoachiatryApp.release.xcconfig */;
			buildSettings = {
				ASSETCATALOG_COMPILER_APPICON_NAME = AppIcon;
				CLANG_ENABLE_MODULES = YES;
				CODE_SIGN_IDENTITY = "Apple Development";
				CODE_SIGN_STYLE = Automatic;
				CURRENT_PROJECT_VERSION = 1;
				DEVELOPMENT_TEAM = 36UZNG64M5;
				INFOPLIST_FILE = CoachiatryApp/Info.plist;
				IPHONEOS_DEPLOYMENT_TARGET = 15.1;
				LD_RUNPATH_SEARCH_PATHS = (
					"$(inherited)",
					"@executable_path/Frameworks",
				);
				MARKETING_VERSION = 1.0;
				OTHER_LDFLAGS = (
					"$(inherited)",
					"-ObjC",
					"-lc++",
				);
				PRODUCT_BUNDLE_IDENTIFIER = org.CoachiatryApp;
				PRODUCT_NAME = CoachiatryApp;
				PROVISIONING_PROFILE_SPECIFIER = "";
				SWIFT_VERSION = 5.0;
				VERSIONING_SYSTEM = "apple-generic";
			};
			name = Release;
		};
		83CBBA201A601CBA00E9B192 /* Debug */ = {
			isa = XCBuildConfiguration;
			buildSettings = {
				ALWAYS_SEARCH_USER_PATHS = NO;
				CLANG_ANALYZER_LOCALIZABILITY_NONLOCALIZED = YES;
				CLANG_CXX_LANGUAGE_STANDARD = "c++20";
				CLANG_CXX_LIBRARY = "libc++";
				CLANG_ENABLE_MODULES = YES;
				CLANG_ENABLE_OBJC_ARC = YES;
				CLANG_WARN_BLOCK_CAPTURE_AUTORELEASING = YES;
				CLANG_WARN_BOOL_CONVERSION = YES;
				CLANG_WARN_COMMA = YES;
				CLANG_WARN_CONSTANT_CONVERSION = YES;
				CLANG_WARN_DEPRECATED_OBJC_IMPLEMENTATIONS = YES;
				CLANG_WARN_DIRECT_OBJC_ISA_USAGE = YES_ERROR;
				CLANG_WARN_EMPTY_BODY = YES;
				CLANG_WARN_ENUM_CONVERSION = YES;
				CLANG_WARN_INFINITE_RECURSION = YES;
				CLANG_WARN_INT_CONVERSION = YES;
				CLANG_WARN_NON_LITERAL_NULL_CONVERSION = YES;
				CLANG_WARN_OBJC_IMPLICIT_RETAIN_SELF = YES;
				CLANG_WARN_OBJC_LITERAL_CONVERSION = YES;
				CLANG_WARN_OBJC_ROOT_CLASS = YES_ERROR;
				CLANG_WARN_QUOTED_INCLUDE_IN_FRAMEWORK_HEADER = YES;
				CLANG_WARN_RANGE_LOOP_ANALYSIS = YES;
				CLANG_WARN_STRICT_PROTOTYPES = YES;
				CLANG_WARN_SUSPICIOUS_MOVE = YES;
				CLANG_WARN_UNREACHABLE_CODE = YES;
				CLANG_WARN__DUPLICATE_METHOD_MATCH = YES;
				"CODE_SIGN_IDENTITY[sdk=iphoneos*]" = "iPhone Developer";
				COPY_PHASE_STRIP = NO;
				ENABLE_STRICT_OBJC_MSGSEND = YES;
				ENABLE_TESTABILITY = YES;
				"EXCLUDED_ARCHS[sdk=iphonesimulator*]" = "";
				GCC_C_LANGUAGE_STANDARD = gnu99;
				GCC_DYNAMIC_NO_PIC = NO;
				GCC_NO_COMMON_BLOCKS = YES;
				GCC_OPTIMIZATION_LEVEL = 0;
				GCC_PREPROCESSOR_DEFINITIONS = (
					"DEBUG=1",
					"$(inherited)",
				);
				GCC_SYMBOLS_PRIVATE_EXTERN = NO;
				GCC_WARN_64_TO_32_BIT_CONVERSION = YES;
				GCC_WARN_ABOUT_RETURN_TYPE = YES_ERROR;
				GCC_WARN_UNDECLARED_SELECTOR = YES;
				GCC_WARN_UNINITIALIZED_AUTOS = YES_AGGRESSIVE;
				GCC_WARN_UNUSED_FUNCTION = YES;
				GCC_WARN_UNUSED_VARIABLE = YES;
				HEADER_SEARCH_PATHS = (
					"$(inherited)",
					"${PODS_CONFIGURATION_BUILD_DIR}/ReactCommon/ReactCommon.framework/Headers",
					"${PODS_CONFIGURATION_BUILD_DIR}/ReactCommon/ReactCommon.framework/Headers/react/nativemodule/core",
					"${PODS_CONFIGURATION_BUILD_DIR}/React-runtimeexecutor/React_runtimeexecutor.framework/Headers",
					"${PODS_CONFIGURATION_BUILD_DIR}/React-runtimeexecutor/React_runtimeexecutor.framework/Headers/platform/ios",
					"${PODS_CONFIGURATION_BUILD_DIR}/ReactCommon-Samples/ReactCommon_Samples.framework/Headers",
					"${PODS_CONFIGURATION_BUILD_DIR}/ReactCommon-Samples/ReactCommon_Samples.framework/Headers/platform/ios",
					"${PODS_CONFIGURATION_BUILD_DIR}/React-Fabric/React_Fabric.framework/Headers/react/renderer/components/view/platform/cxx",
					"${PODS_CONFIGURATION_BUILD_DIR}/React-NativeModulesApple/React_NativeModulesApple.framework/Headers",
					"${PODS_CONFIGURATION_BUILD_DIR}/React-graphics/React_graphics.framework/Headers",
					"${PODS_CONFIGURATION_BUILD_DIR}/React-graphics/React_graphics.framework/Headers/react/renderer/graphics/platform/ios",
				);
				IPHONEOS_DEPLOYMENT_TARGET = 15.1;
				LD_RUNPATH_SEARCH_PATHS = (
					/usr/lib/swift,
					"$(inherited)",
				);
				LIBRARY_SEARCH_PATHS = (
					"\"$(SDKROOT)/usr/lib/swift\"",
					"\"$(TOOLCHAIN_DIR)/usr/lib/swift/$(PLATFORM_NAME)\"",
					"\"$(inherited)\"",
				);
				MTL_ENABLE_DEBUG_INFO = YES;
				ONLY_ACTIVE_ARCH = YES;
				OTHER_CPLUSPLUSFLAGS = (
					"$(OTHER_CFLAGS)",
					"-DFOLLY_NO_CONFIG",
					"-DFOLLY_MOBILE=1",
					"-DFOLLY_USE_LIBCPP=1",
					"-DFOLLY_CFG_NO_COROUTINES=1",
					"-DFOLLY_HAVE_CLOCK_GETTIME=1",
				);
				OTHER_LDFLAGS = (
					"$(inherited)",
					" ",
				);
				REACT_NATIVE_PATH = "${PODS_ROOT}/../../node_modules/react-native";
				SDKROOT = iphoneos;
				SWIFT_ACTIVE_COMPILATION_CONDITIONS = "$(inherited) DEBUG";
				USE_HERMES = true;
			};
			name = Debug;
		};
		83CBBA211A601CBA00E9B192 /* Release */ = {
			isa = XCBuildConfiguration;
			buildSettings = {
				ALWAYS_SEARCH_USER_PATHS = NO;
				CLANG_ANALYZER_LOCALIZABILITY_NONLOCALIZED = YES;
				CLANG_CXX_LANGUAGE_STANDARD = "c++20";
				CLANG_CXX_LIBRARY = "libc++";
				CLANG_ENABLE_MODULES = YES;
				CLANG_ENABLE_OBJC_ARC = YES;
				CLANG_WARN_BLOCK_CAPTURE_AUTORELEASING = YES;
				CLANG_WARN_BOOL_CONVERSION = YES;
				CLANG_WARN_COMMA = YES;
				CLANG_WARN_CONSTANT_CONVERSION = YES;
				CLANG_WARN_DEPRECATED_OBJC_IMPLEMENTATIONS = YES;
				CLANG_WARN_DIRECT_OBJC_ISA_USAGE = YES_ERROR;
				CLANG_WARN_EMPTY_BODY = YES;
				CLANG_WARN_ENUM_CONVERSION = YES;
				CLANG_WARN_INFINITE_RECURSION = YES;
				CLANG_WARN_INT_CONVERSION = YES;
				CLANG_WARN_NON_LITERAL_NULL_CONVERSION = YES;
				CLANG_WARN_OBJC_IMPLICIT_RETAIN_SELF = YES;
				CLANG_WARN_OBJC_LITERAL_CONVERSION = YES;
				CLANG_WARN_OBJC_ROOT_CLASS = YES_ERROR;
				CLANG_WARN_QUOTED_INCLUDE_IN_FRAMEWORK_HEADER = YES;
				CLANG_WARN_RANGE_LOOP_ANALYSIS = YES;
				CLANG_WARN_STRICT_PROTOTYPES = YES;
				CLANG_WARN_SUSPICIOUS_MOVE = YES;
				CLANG_WARN_UNREACHABLE_CODE = YES;
				CLANG_WARN__DUPLICATE_METHOD_MATCH = YES;
				"CODE_SIGN_IDENTITY[sdk=iphoneos*]" = "iPhone Developer";
				COPY_PHASE_STRIP = YES;
				ENABLE_NS_ASSERTIONS = NO;
				ENABLE_STRICT_OBJC_MSGSEND = YES;
				"EXCLUDED_ARCHS[sdk=iphonesimulator*]" = "";
				GCC_C_LANGUAGE_STANDARD = gnu99;
				GCC_NO_COMMON_BLOCKS = YES;
				GCC_WARN_64_TO_32_BIT_CONVERSION = YES;
				GCC_WARN_ABOUT_RETURN_TYPE = YES_ERROR;
				GCC_WARN_UNDECLARED_SELECTOR = YES;
				GCC_WARN_UNINITIALIZED_AUTOS = YES_AGGRESSIVE;
				GCC_WARN_UNUSED_FUNCTION = YES;
				GCC_WARN_UNUSED_VARIABLE = YES;
				HEADER_SEARCH_PATHS = (
					"$(inherited)",
					"${PODS_CONFIGURATION_BUILD_DIR}/ReactCommon/ReactCommon.framework/Headers",
					"${PODS_CONFIGURATION_BUILD_DIR}/ReactCommon/ReactCommon.framework/Headers/react/nativemodule/core",
					"${PODS_CONFIGURATION_BUILD_DIR}/React-runtimeexecutor/React_runtimeexecutor.framework/Headers",
					"${PODS_CONFIGURATION_BUILD_DIR}/React-runtimeexecutor/React_runtimeexecutor.framework/Headers/platform/ios",
					"${PODS_CONFIGURATION_BUILD_DIR}/ReactCommon-Samples/ReactCommon_Samples.framework/Headers",
					"${PODS_CONFIGURATION_BUILD_DIR}/ReactCommon-Samples/ReactCommon_Samples.framework/Headers/platform/ios",
					"${PODS_CONFIGURATION_BUILD_DIR}/React-Fabric/React_Fabric.framework/Headers/react/renderer/components/view/platform/cxx",
					"${PODS_CONFIGURATION_BUILD_DIR}/React-NativeModulesApple/React_NativeModulesApple.framework/Headers",
					"${PODS_CONFIGURATION_BUILD_DIR}/React-graphics/React_graphics.framework/Headers",
					"${PODS_CONFIGURATION_BUILD_DIR}/React-graphics/React_graphics.framework/Headers/react/renderer/graphics/platform/ios",
				);
				IPHONEOS_DEPLOYMENT_TARGET = 15.1;
				LD_RUNPATH_SEARCH_PATHS = (
					/usr/lib/swift,
					"$(inherited)",
				);
				LIBRARY_SEARCH_PATHS = (
					"\"$(SDKROOT)/usr/lib/swift\"",
					"\"$(TOOLCHAIN_DIR)/usr/lib/swift/$(PLATFORM_NAME)\"",
					"\"$(inherited)\"",
				);
				MTL_ENABLE_DEBUG_INFO = NO;
				OTHER_CPLUSPLUSFLAGS = (
					"$(OTHER_CFLAGS)",
					"-DFOLLY_NO_CONFIG",
					"-DFOLLY_MOBILE=1",
					"-DFOLLY_USE_LIBCPP=1",
					"-DFOLLY_CFG_NO_COROUTINES=1",
					"-DFOLLY_HAVE_CLOCK_GETTIME=1",
				);
				OTHER_LDFLAGS = (
					"$(inherited)",
					" ",
				);
				REACT_NATIVE_PATH = "${PODS_ROOT}/../../node_modules/react-native";
				SDKROOT = iphoneos;
				USE_HERMES = true;
				VALIDATE_PRODUCT = YES;
			};
			name = Release;
		};
/* End XCBuildConfiguration section */

/* Begin XCConfigurationList section */
		13B07F931A680F5B00A75B9A /* Build configuration list for PBXNativeTarget "CoachiatryApp" */ = {
			isa = XCConfigurationList;
			buildConfigurations = (
				13B07F941A680F5B00A75B9A /* Debug */,
				13B07F951A680F5B00A75B9A /* Release */,
			);
			defaultConfigurationIsVisible = 0;
			defaultConfigurationName = Release;
		};
		83CBB9FA1A601CBA00E9B192 /* Build configuration list for PBXProject "CoachiatryApp" */ = {
			isa = XCConfigurationList;
			buildConfigurations = (
				83CBBA201A601CBA00E9B192 /* Debug */,
				83CBBA211A601CBA00E9B192 /* Release */,
			);
			defaultConfigurationIsVisible = 0;
			defaultConfigurationName = Release;
		};
/* End XCConfigurationList section */
	};
	rootObject = 83CBB9F71A601CBA00E9B192 /* Project object */;
}
